
Microsoft Visual Studio Solution File, Format Version 12.00
# Visual Studio Express 2012 for Windows Desktop
Project("{FAE04EC0-301F-11D3-BF4B-00C04F79EFBC}") = "ConsoleApplication2", "ConsoleApplication2\ConsoleApplication2.csproj", "{EEFD5DCA-5BEA-4DD5-9A5D-E39BC01357AA}"
EndProject
Global
	GlobalSection(SolutionConfigurationPlatforms) = preSolution
		Debug|Any CPU = Debug|Any CPU
		Release|Any CPU = Release|Any CPU
	EndGlobalSection
	GlobalSection(ProjectConfigurationPlatforms) = postSolution
		{EEFD5DCA-5BEA-4DD5-9A5D-E39BC01357AA}.Debug|Any CPU.ActiveCfg = Debug|Any CPU
		{EEFD5DCA-5BEA-4DD5-9A5D-E39BC01357AA}.Debug|Any CPU.Build.0 = Debug|Any CPU
		{EEFD5DCA-5BEA-4DD5-9A5D-E39BC01357AA}.Release|Any CPU.ActiveCfg = Release|Any CPU
		{EEFD5DCA-5BEA-4DD5-9A5D-E39BC01357AA}.Release|Any CPU.Build.0 = Release|Any CPU
	EndGlobalSection
	GlobalSection(SolutionProperties) = preSolution
		HideSolutionNode = FALSE
	EndGlobalSection
EndGlobal
